// !$*UTF8*$!
{
	archiveVersion = 1;
	classes = {
	};
	objectVersion = 56;
	objects = {

/* Begin PBXBuildFile section */
		075D9D9D2C98553E00CB6646 /* YetAnotherXcframework.h in Headers */ = {isa = PBXBuildFile; fileRef = 075D9D9C2C98553E00CB6646 /* YetAnotherXcframework.h */; settings = {ATTRIBUTES = (Public, ); }; };
		075D9DA42C98557000CB6646 /* YAXcframework.swift in Sources */ = {isa = PBXBuildFile; fileRef = 075D9DA32C98557000CB6646 /* YAXcframework.swift */; };
		075D9DAC2C985E5C00CB6646 /* YetAnotherXcframeworkTests.swift in Sources */ = {isa = PBXBuildFile; fileRef = 075D9DAB2C985E5C00CB6646 /* YetAnotherXcframeworkTests.swift */; };
		075D9DAD2C985E5C00CB6646 /* YetAnotherXcframework.framework in Frameworks */ = {isa = PBXBuildFile; fileRef = 075D9D992C98553E00CB6646 /* YetAnotherXcframework.framework */; };
/* End PBXBuildFile section */

/* Begin PBXContainerItemProxy section */
		075D9DAE2C985E5C00CB6646 /* PBXContainerItemProxy */ = {
			isa = PBXContainerItemProxy;
			containerPortal = 075D9D902C98553E00CB6646 /* Project object */;
			proxyType = 1;
			remoteGlobalIDString = 075D9D982C98553E00CB6646;
			remoteInfo = YetAnotherXcframework;
		};
/* End PBXContainerItemProxy section */

/* Begin PBXFileReference section */
		075D9D992C98553E00CB6646 /* YetAnotherXcframework.framework */ = {isa = PBXFileReference; explicitFileType = wrapper.framework; includeInIndex = 0; path = YetAnotherXcframework.framework; sourceTree = BUILT_PRODUCTS_DIR; };
		075D9D9C2C98553E00CB6646 /* YetAnotherXcframework.h */ = {isa = PBXFileReference; lastKnownFileType = sourcecode.c.h; path = YetAnotherXcframework.h; sourceTree = "<group>"; };
		075D9DA32C98557000CB6646 /* YAXcframework.swift */ = {isa = PBXFileReference; lastKnownFileType = sourcecode.swift; path = YAXcframework.swift; sourceTree = "<group>"; };
		075D9DA92C985E5C00CB6646 /* YetAnotherXcframeworkTests.xctest */ = {isa = PBXFileReference; explicitFileType = wrapper.cfbundle; includeInIndex = 0; path = YetAnotherXcframeworkTests.xctest; sourceTree = BUILT_PRODUCTS_DIR; };
		075D9DAB2C985E5C00CB6646 /* YetAnotherXcframeworkTests.swift */ = {isa = PBXFileReference; lastKnownFileType = sourcecode.swift; path = YetAnotherXcframeworkTests.swift; sourceTree = "<group>"; };
/* End PBXFileReference section */

/* Begin PBXFrameworksBuildPhase section */
		075D9D962C98553E00CB6646 /* Frameworks */ = {
			isa = PBXFrameworksBuildPhase;
			buildActionMask = 2147483647;
			files = (
			);
			runOnlyForDeploymentPostprocessing = 0;
		};
		075D9DA62C985E5C00CB6646 /* Frameworks */ = {
			isa = PBXFrameworksBuildPhase;
			buildActionMask = 2147483647;
			files = (
				075D9DAD2C985E5C00CB6646 /* YetAnotherXcframework.framework in Frameworks */,
			);
			runOnlyForDeploymentPostprocessing = 0;
		};
/* End PBXFrameworksBuildPhase section */

/* Begin PBXGroup section */
		075D9D8F2C98553E00CB6646 = {
			isa = PBXGroup;
			children = (
				075D9D9B2C98553E00CB6646 /* YetAnotherXcframework */,
				075D9DAA2C985E5C00CB6646 /* YetAnotherXcframeworkTests */,
				075D9D9A2C98553E00CB6646 /* Products */,
			);
			sourceTree = "<group>";
		};
		075D9D9A2C98553E00CB6646 /* Products */ = {
			isa = PBXGroup;
			children = (
				075D9D992C98553E00CB6646 /* YetAnotherXcframework.framework */,
				075D9DA92C985E5C00CB6646 /* YetAnotherXcframeworkTests.xctest */,
			);
			name = Products;
			sourceTree = "<group>";
		};
		075D9D9B2C98553E00CB6646 /* YetAnotherXcframework */ = {
			isa = PBXGroup;
			children = (
				075D9D9C2C98553E00CB6646 /* YetAnotherXcframework.h */,
				075D9DA32C98557000CB6646 /* YAXcframework.swift */,
			);
			path = YetAnotherXcframework;
			sourceTree = "<group>";
		};
		075D9DAA2C985E5C00CB6646 /* YetAnotherXcframeworkTests */ = {
			isa = PBXGroup;
			children = (
				075D9DAB2C985E5C00CB6646 /* YetAnotherXcframeworkTests.swift */,
			);
			path = YetAnotherXcframeworkTests;
			sourceTree = "<group>";
		};
/* End PBXGroup section */

/* Begin PBXHeadersBuildPhase section */
		075D9D942C98553E00CB6646 /* Headers */ = {
			isa = PBXHeadersBuildPhase;
			buildActionMask = 2147483647;
			files = (
				075D9D9D2C98553E00CB6646 /* YetAnotherXcframework.h in Headers */,
			);
			runOnlyForDeploymentPostprocessing = 0;
		};
/* End PBXHeadersBuildPhase section */

/* Begin PBXNativeTarget section */
		075D9D982C98553E00CB6646 /* YetAnotherXcframework */ = {
			isa = PBXNativeTarget;
			buildConfigurationList = 075D9DA02C98553E00CB6646 /* Build configuration list for PBXNativeTarget "YetAnotherXcframework" */;
			buildPhases = (
				075D9D942C98553E00CB6646 /* Headers */,
				075D9D952C98553E00CB6646 /* Sources */,
				075D9D962C98553E00CB6646 /* Frameworks */,
				075D9D972C98553E00CB6646 /* Resources */,
			);
			buildRules = (
			);
			dependencies = (
			);
			name = YetAnotherXcframework;
			productName = YetAnotherXcframework;
			productReference = 075D9D992C98553E00CB6646 /* YetAnotherXcframework.framework */;
			productType = "com.apple.product-type.framework";
		};
		075D9DA82C985E5C00CB6646 /* YetAnotherXcframeworkTests */ = {
			isa = PBXNativeTarget;
			buildConfigurationList = 075D9DB02C985E5C00CB6646 /* Build configuration list for PBXNativeTarget "YetAnotherXcframeworkTests" */;
			buildPhases = (
				075D9DA52C985E5C00CB6646 /* Sources */,
				075D9DA62C985E5C00CB6646 /* Frameworks */,
				075D9DA72C985E5C00CB6646 /* Resources */,
			);
			buildRules = (
			);
			dependencies = (
				075D9DAF2C985E5C00CB6646 /* PBXTargetDependency */,
			);
			name = YetAnotherXcframeworkTests;
			productName = YetAnotherXcframeworkTests;
			productReference = 075D9DA92C985E5C00CB6646 /* YetAnotherXcframeworkTests.xctest */;
			productType = "com.apple.product-type.bundle.unit-test";
		};
/* End PBXNativeTarget section */

/* Begin PBXProject section */
		075D9D902C98553E00CB6646 /* Project object */ = {
			isa = PBXProject;
			attributes = {
				BuildIndependentTargetsInParallel = 1;
				LastSwiftUpdateCheck = 1500;
				LastUpgradeCheck = 1500;
				TargetAttributes = {
					075D9D982C98553E00CB6646 = {
						CreatedOnToolsVersion = 15.0.1;
						LastSwiftMigration = 1500;
					};
					075D9DA82C985E5C00CB6646 = {
						CreatedOnToolsVersion = 15.0.1;
					};
				};
			};
			buildConfigurationList = 075D9D932C98553E00CB6646 /* Build configuration list for PBXProject "YetAnotherXcframework" */;
			compatibilityVersion = "Xcode 14.0";
			developmentRegion = en;
			hasScannedForEncodings = 0;
			knownRegions = (
				en,
				Base,
			);
			mainGroup = 075D9D8F2C98553E00CB6646;
			productRefGroup = 075D9D9A2C98553E00CB6646 /* Products */;
			projectDirPath = "";
			projectRoot = "";
			targets = (
				075D9D982C98553E00CB6646 /* YetAnotherXcframework */,
				075D9DA82C985E5C00CB6646 /* YetAnotherXcframeworkTests */,
			);
		};
/* End PBXProject section */

/* Begin PBXResourcesBuildPhase section */
		075D9D972C98553E00CB6646 /* Resources */ = {
			isa = PBXResourcesBuildPhase;
			buildActionMask = 2147483647;
			files = (
			);
			runOnlyForDeploymentPostprocessing = 0;
		};
		075D9DA72C985E5C00CB6646 /* Resources */ = {
			isa = PBXResourcesBuildPhase;
			buildActionMask = 2147483647;
			files = (
			);
			runOnlyForDeploymentPostprocessing = 0;
		};
/* End PBXResourcesBuildPhase section */

/* Begin PBXSourcesBuildPhase section */
		075D9D952C98553E00CB6646 /* Sources */ = {
			isa = PBXSourcesBuildPhase;
			buildActionMask = 2147483647;
			files = (
				075D9DA42C98557000CB6646 /* YAXcframework.swift in Sources */,
			);
			runOnlyForDeploymentPostprocessing = 0;
		};
		075D9DA52C985E5C00CB6646 /* Sources */ = {
			isa = PBXSourcesBuildPhase;
			buildActionMask = 2147483647;
			files = (
				075D9DAC2C985E5C00CB6646 /* YetAnotherXcframeworkTests.swift in Sources */,
			);
			runOnlyForDeploymentPostprocessing = 0;
		};
/* End PBXSourcesBuildPhase section */

/* Begin PBXTargetDependency section */
		075D9DAF2C985E5C00CB6646 /* PBXTargetDependency */ = {
			isa = PBXTargetDependency;
			target = 075D9D982C98553E00CB6646 /* YetAnotherXcframework */;
			targetProxy = 075D9DAE2C985E5C00CB6646 /* PBXContainerItemProxy */;
		};
/* End PBXTargetDependency section */

/* Begin XCBuildConfiguration section */
		075D9D9E2C98553E00CB6646 /* Debug */ = {
			isa = XCBuildConfiguration;
			buildSettings = {
				ALWAYS_SEARCH_USER_PATHS = NO;
				ASSETCATALOG_COMPILER_GENERATE_SWIFT_ASSET_SYMBOL_EXTENSIONS = YES;
				CLANG_ANALYZER_NONNULL = YES;
				CLANG_ANALYZER_NUMBER_OBJECT_CONVERSION = YES_AGGRESSIVE;
				CLANG_CXX_LANGUAGE_STANDARD = "gnu++20";
				CLANG_ENABLE_MODULES = YES;
				CLANG_ENABLE_OBJC_ARC = YES;
				CLANG_ENABLE_OBJC_WEAK = YES;
				CLANG_WARN_BLOCK_CAPTURE_AUTORELEASING = YES;
				CLANG_WARN_BOOL_CONVERSION = YES;
				CLANG_WARN_COMMA = YES;
				CLANG_WARN_CONSTANT_CONVERSION = YES;
				CLANG_WARN_DEPRECATED_OBJC_IMPLEMENTATIONS = YES;
				CLANG_WARN_DIRECT_OBJC_ISA_USAGE = YES_ERROR;
				CLANG_WARN_DOCUMENTATION_COMMENTS = YES;
				CLANG_WARN_EMPTY_BODY = YES;
				CLANG_WARN_ENUM_CONVERSION = YES;
				CLANG_WARN_INFINITE_RECURSION = YES;
				CLANG_WARN_INT_CONVERSION = YES;
				CLANG_WARN_NON_LITERAL_NULL_CONVERSION = YES;
				CLANG_WARN_OBJC_IMPLICIT_RETAIN_SELF = YES;
				CLANG_WARN_OBJC_LITERAL_CONVERSION = YES;
				CLANG_WARN_OBJC_ROOT_CLASS = YES_ERROR;
				CLANG_WARN_QUOTED_INCLUDE_IN_FRAMEWORK_HEADER = YES;
				CLANG_WARN_RANGE_LOOP_ANALYSIS = YES;
				CLANG_WARN_STRICT_PROTOTYPES = YES;
				CLANG_WARN_SUSPICIOUS_MOVE = YES;
				CLANG_WARN_UNGUARDED_AVAILABILITY = YES_AGGRESSIVE;
				CLANG_WARN_UNREACHABLE_CODE = YES;
				CLANG_WARN__DUPLICATE_METHOD_MATCH = YES;
				COPY_PHASE_STRIP = NO;
				CURRENT_PROJECT_VERSION = 1;
				DEBUG_INFORMATION_FORMAT = dwarf;
				ENABLE_STRICT_OBJC_MSGSEND = YES;
				ENABLE_TESTABILITY = YES;
				ENABLE_USER_SCRIPT_SANDBOXING = YES;
				GCC_C_LANGUAGE_STANDARD = gnu17;
				GCC_DYNAMIC_NO_PIC = NO;
				GCC_NO_COMMON_BLOCKS = YES;
				GCC_OPTIMIZATION_LEVEL = 0;
				GCC_PREPROCESSOR_DEFINITIONS = (
					"DEBUG=1",
					"$(inherited)",
				);
				GCC_WARN_64_TO_32_BIT_CONVERSION = YES;
				GCC_WARN_ABOUT_RETURN_TYPE = YES_ERROR;
				GCC_WARN_UNDECLARED_SELECTOR = YES;
				GCC_WARN_UNINITIALIZED_AUTOS = YES_AGGRESSIVE;
				GCC_WARN_UNUSED_FUNCTION = YES;
				GCC_WARN_UNUSED_VARIABLE = YES;
				IPHONEOS_DEPLOYMENT_TARGET = 17.0;
				LOCALIZATION_PREFERS_STRING_CATALOGS = YES;
				MTL_ENABLE_DEBUG_INFO = INCLUDE_SOURCE;
				MTL_FAST_MATH = YES;
				ONLY_ACTIVE_ARCH = YES;
				SDKROOT = iphoneos;
				SWIFT_ACTIVE_COMPILATION_CONDITIONS = "DEBUG $(inherited)";
				SWIFT_OPTIMIZATION_LEVEL = "-Onone";
				VERSIONING_SYSTEM = "apple-generic";
				VERSION_INFO_PREFIX = "";
			};
			name = Debug;
		};
		075D9D9F2C98553E00CB6646 /* Release */ = {
			isa = XCBuildConfiguration;
			buildSettings = {
				ALWAYS_SEARCH_USER_PATHS = NO;
				ASSETCATALOG_COMPILER_GENERATE_SWIFT_ASSET_SYMBOL_EXTENSIONS = YES;
				CLANG_ANALYZER_NONNULL = YES;
				CLANG_ANALYZER_NUMBER_OBJECT_CONVERSION = YES_AGGRESSIVE;
				CLANG_CXX_LANGUAGE_STANDARD = "gnu++20";
				CLANG_ENABLE_MODULES = YES;
				CLANG_ENABLE_OBJC_ARC = YES;
				CLANG_ENABLE_OBJC_WEAK = YES;
				CLANG_WARN_BLOCK_CAPTURE_AUTORELEASING = YES;
				CLANG_WARN_BOOL_CONVERSION = YES;
				CLANG_WARN_COMMA = YES;
				CLANG_WARN_CONSTANT_CONVERSION = YES;
				CLANG_WARN_DEPRECATED_OBJC_IMPLEMENTATIONS = YES;
				CLANG_WARN_DIRECT_OBJC_ISA_USAGE = YES_ERROR;
				CLANG_WARN_DOCUMENTATION_COMMENTS = YES;
				CLANG_WARN_EMPTY_BODY = YES;
				CLANG_WARN_ENUM_CONVERSION = YES;
				CLANG_WARN_INFINITE_RECURSION = YES;
				CLANG_WARN_INT_CONVERSION = YES;
				CLANG_WARN_NON_LITERAL_NULL_CONVERSION = YES;
				CLANG_WARN_OBJC_IMPLICIT_RETAIN_SELF = YES;
				CLANG_WARN_OBJC_LITERAL_CONVERSION = YES;
				CLANG_WARN_OBJC_ROOT_CLASS = YES_ERROR;
				CLANG_WARN_QUOTED_INCLUDE_IN_FRAMEWORK_HEADER = YES;
				CLANG_WARN_RANGE_LOOP_ANALYSIS = YES;
				CLANG_WARN_STRICT_PROTOTYPES = YES;
				CLANG_WARN_SUSPICIOUS_MOVE = YES;
				CLANG_WARN_UNGUARDED_AVAILABILITY = YES_AGGRESSIVE;
				CLANG_WARN_UNREACHABLE_CODE = YES;
				CLANG_WARN__DUPLICATE_METHOD_MATCH = YES;
				COPY_PHASE_STRIP = NO;
				CURRENT_PROJECT_VERSION = 1;
				DEBUG_INFORMATION_FORMAT = "dwarf-with-dsym";
				ENABLE_NS_ASSERTIONS = NO;
				ENABLE_STRICT_OBJC_MSGSEND = YES;
				ENABLE_USER_SCRIPT_SANDBOXING = YES;
				GCC_C_LANGUAGE_STANDARD = gnu17;
				GCC_NO_COMMON_BLOCKS = YES;
				GCC_WARN_64_TO_32_BIT_CONVERSION = YES;
				GCC_WARN_ABOUT_RETURN_TYPE = YES_ERROR;
				GCC_WARN_UNDECLARED_SELECTOR = YES;
				GCC_WARN_UNINITIALIZED_AUTOS = YES_AGGRESSIVE;
				GCC_WARN_UNUSED_FUNCTION = YES;
				GCC_WARN_UNUSED_VARIABLE = YES;
				IPHONEOS_DEPLOYMENT_TARGET = 17.0;
				LOCALIZATION_PREFERS_STRING_CATALOGS = YES;
				MTL_ENABLE_DEBUG_INFO = NO;
				MTL_FAST_MATH = YES;
				SDKROOT = iphoneos;
				SWIFT_COMPILATION_MODE = wholemodule;
				VALIDATE_PRODUCT = YES;
				VERSIONING_SYSTEM = "apple-generic";
				VERSION_INFO_PREFIX = "";
			};
			name = Release;
		};
		075D9DA12C98553E00CB6646 /* Debug */ = {
			isa = XCBuildConfiguration;
			buildSettings = {
				BUILD_LIBRARY_FOR_DISTRIBUTION = YES;
				CLANG_ENABLE_MODULES = YES;
				CODE_SIGN_STYLE = Automatic;
				CURRENT_PROJECT_VERSION = 1;
				DEFINES_MODULE = YES;
				DEVELOPMENT_TEAM = 57Q22577H2;
				DYLIB_COMPATIBILITY_VERSION = 1;
				DYLIB_CURRENT_VERSION = 1;
				DYLIB_INSTALL_NAME_BASE = "@rpath";
				ENABLE_MODULE_VERIFIER = YES;
				GENERATE_INFOPLIST_FILE = YES;
				INFOPLIST_KEY_NSHumanReadableCopyright = "";
				INSTALL_PATH = "$(LOCAL_LIBRARY_DIR)/Frameworks";
				LD_RUNPATH_SEARCH_PATHS = (
					"$(inherited)",
					"@executable_path/Frameworks",
					"@loader_path/Frameworks",
				);
				MARKETING_VERSION = 2.0.0;
				MODULE_VERIFIER_SUPPORTED_LANGUAGES = "objective-c objective-c++";
				MODULE_VERIFIER_SUPPORTED_LANGUAGE_STANDARDS = "gnu17 gnu++20";
				PRODUCT_BUNDLE_IDENTIFIER = com.theoplayer.YetAnotherXcframework;
				PRODUCT_NAME = "$(TARGET_NAME:c99extidentifier)";
				SKIP_INSTALL = NO;
				SWIFT_EMIT_LOC_STRINGS = YES;
				SWIFT_OPTIMIZATION_LEVEL = "-Onone";
				SWIFT_VERSION = 5.0;
				TARGETED_DEVICE_FAMILY = "1,2";
			};
			name = Debug;
		};
		075D9DA22C98553E00CB6646 /* Release */ = {
			isa = XCBuildConfiguration;
			buildSettings = {
				BUILD_LIBRARY_FOR_DISTRIBUTION = YES;
				CLANG_ENABLE_MODULES = YES;
				CODE_SIGN_STYLE = Automatic;
				CURRENT_PROJECT_VERSION = 1;
				DEFINES_MODULE = YES;
				DEVELOPMENT_TEAM = 57Q22577H2;
				DYLIB_COMPATIBILITY_VERSION = 1;
				DYLIB_CURRENT_VERSION = 1;
				DYLIB_INSTALL_NAME_BASE = "@rpath";
				ENABLE_MODULE_VERIFIER = YES;
				GENERATE_INFOPLIST_FILE = YES;
				INFOPLIST_KEY_NSHumanReadableCopyright = "";
				INSTALL_PATH = "$(LOCAL_LIBRARY_DIR)/Frameworks";
				LD_RUNPATH_SEARCH_PATHS = (
					"$(inherited)",
					"@executable_path/Frameworks",
					"@loader_path/Frameworks",
				);
				MARKETING_VERSION = 2.0.0;
				MODULE_VERIFIER_SUPPORTED_LANGUAGES = "objective-c objective-c++";
				MODULE_VERIFIER_SUPPORTED_LANGUAGE_STANDARDS = "gnu17 gnu++20";
				PRODUCT_BUNDLE_IDENTIFIER = com.theoplayer.YetAnotherXcframework;
				PRODUCT_NAME = "$(TARGET_NAME:c99extidentifier)";
				SKIP_INSTALL = NO;
				SWIFT_EMIT_LOC_STRINGS = YES;
				SWIFT_VERSION = 5.0;
				TARGETED_DEVICE_FAMILY = "1,2";
			};
			name = Release;
		};
		075D9DB12C985E5C00CB6646 /* Debug */ = {
			isa = XCBuildConfiguration;
			buildSettings = {
				CODE_SIGN_STYLE = Automatic;
				CURRENT_PROJECT_VERSION = 1;
				DEVELOPMENT_TEAM = 57Q22577H2;
				GENERATE_INFOPLIST_FILE = YES;
				MARKETING_VERSION = 1.0;
				PRODUCT_BUNDLE_IDENTIFIER = com.theoplayer.YetAnotherXcframeworkTests;
				PRODUCT_NAME = "$(TARGET_NAME)";
				SWIFT_EMIT_LOC_STRINGS = NO;
				SWIFT_VERSION = 5.0;
				TARGETED_DEVICE_FAMILY = "1,2";
			};
			name = Debug;
		};
		075D9DB22C985E5C00CB6646 /* Release */ = {
			isa = XCBuildConfiguration;
			buildSettings = {
				CODE_SIGN_STYLE = Automatic;
				CURRENT_PROJECT_VERSION = 1;
				DEVELOPMENT_TEAM = 57Q22577H2;
				GENERATE_INFOPLIST_FILE = YES;
				MARKETING_VERSION = 1.0;
				PRODUCT_BUNDLE_IDENTIFIER = com.theoplayer.YetAnotherXcframeworkTests;
				PRODUCT_NAME = "$(TARGET_NAME)";
				SWIFT_EMIT_LOC_STRINGS = NO;
				SWIFT_VERSION = 5.0;
				TARGETED_DEVICE_FAMILY = "1,2";
			};
			name = Release;
		};
/* End XCBuildConfiguration section */

/* Begin XCConfigurationList section */
		075D9D932C98553E00CB6646 /* Build configuration list for PBXProject "YetAnotherXcframework" */ = {
			isa = XCConfigurationList;
			buildConfigurations = (
				075D9D9E2C98553E00CB6646 /* Debug */,
				075D9D9F2C98553E00CB6646 /* Release */,
			);
			defaultConfigurationIsVisible = 0;
			defaultConfigurationName = Release;
		};
		075D9DA02C98553E00CB6646 /* Build configuration list for PBXNativeTarget "YetAnotherXcframework" */ = {
			isa = XCConfigurationList;
			buildConfigurations = (
				075D9DA12C98553E00CB6646 /* Debug */,
				075D9DA22C98553E00CB6646 /* Release */,
			);
			defaultConfigurationIsVisible = 0;
			defaultConfigurationName = Release;
		};
		075D9DB02C985E5C00CB6646 /* Build configuration list for PBXNativeTarget "YetAnotherXcframeworkTests" */ = {
			isa = XCConfigurationList;
			buildConfigurations = (
				075D9DB12C985E5C00CB6646 /* Debug */,
				075D9DB22C985E5C00CB6646 /* Release */,
			);
			defaultConfigurationIsVisible = 0;
			defaultConfigurationName = Release;
		};
/* End XCConfigurationList section */
	};
	rootObject = 075D9D902C98553E00CB6646 /* Project object */;
}
